
Microsoft Visual Studio Solution File, Format Version 12.00
# Visual Studio Version 16
VisualStudioVersion = 16.0.30011.22
MinimumVisualStudioVersion = 10.0.40219.1
Project("{9A19103F-16F7-4668-BE54-9A1E7A4F7556}") = "Pokemonia.MapEngine", "Pokemonia.Enjine\Pokemonia.MapEngine.csproj", "{F0405C54-F68D-4AEF-B517-6F08D4E94E8B}"
	ProjectSection(ProjectDependencies) = postProject
		{B0A86B39-F894-4A1E-B09D-E4A90F62D092} = {B0A86B39-F894-4A1E-B09D-E4A90F62D092}
		{E73828FF-7F32-46B7-BFF7-2304C8EF1A45} = {E73828FF-7F32-46B7-BFF7-2304C8EF1A45}
	EndProjectSection
EndProject
Project("{9A19103F-16F7-4668-BE54-9A1E7A4F7556}") = "Pokemonia.Dal", "Pokemonia.Dal\Pokemonia.Dal.csproj", "{E73828FF-7F32-46B7-BFF7-2304C8EF1A45}"
EndProject
Project("{9A19103F-16F7-4668-BE54-9A1E7A4F7556}") = "Pokemonia.Bll", "Pokemonia.Bll\Pokemonia.Bll.csproj", "{B0A86B39-F894-4A1E-B09D-E4A90F62D092}"
EndProject
Project("{FAE04EC0-301F-11D3-BF4B-00C04F79EFBC}") = "Pokemonia.WebSockets", "Pokemonia.WebSockets\Pokemonia.WebSockets.csproj", "{2E6A6D68-3FD3-4995-9092-E7D6DE9D675F}"
EndProject
Global
	GlobalSection(SolutionConfigurationPlatforms) = preSolution
		Debug|Any CPU = Debug|Any CPU
		Release|Any CPU = Release|Any CPU
	EndGlobalSection
	GlobalSection(ProjectConfigurationPlatforms) = postSolution
		{F0405C54-F68D-4AEF-B517-6F08D4E94E8B}.Debug|Any CPU.ActiveCfg = Debug|Any CPU
		{F0405C54-F68D-4AEF-B517-6F08D4E94E8B}.Debug|Any CPU.Build.0 = Debug|Any CPU
		{F0405C54-F68D-4AEF-B517-6F08D4E94E8B}.Release|Any CPU.ActiveCfg = Release|Any CPU
		{F0405C54-F68D-4AEF-B517-6F08D4E94E8B}.Release|Any CPU.Build.0 = Release|Any CPU
		{E73828FF-7F32-46B7-BFF7-2304C8EF1A45}.Debug|Any CPU.ActiveCfg = Debug|Any CPU
		{E73828FF-7F32-46B7-BFF7-2304C8EF1A45}.Debug|Any CPU.Build.0 = Debug|Any CPU
		{E73828FF-7F32-46B7-BFF7-2304C8EF1A45}.Release|Any CPU.ActiveCfg = Release|Any CPU
		{E73828FF-7F32-46B7-BFF7-2304C8EF1A45}.Release|Any CPU.Build.0 = Release|Any CPU
		{B0A86B39-F894-4A1E-B09D-E4A90F62D092}.Debug|Any CPU.ActiveCfg = Debug|Any CPU
		{B0A86B39-F894-4A1E-B09D-E4A90F62D092}.Debug|Any CPU.Build.0 = Debug|Any CPU
		{B0A86B39-F894-4A1E-B09D-E4A90F62D092}.Release|Any CPU.ActiveCfg = Release|Any CPU
		{B0A86B39-F894-4A1E-B09D-E4A90F62D092}.Release|Any CPU.Build.0 = Release|Any CPU
		{2E6A6D68-3FD3-4995-9092-E7D6DE9D675F}.Debug|Any CPU.ActiveCfg = Debug|Any CPU
		{2E6A6D68-3FD3-4995-9092-E7D6DE9D675F}.Debug|Any CPU.Build.0 = Debug|Any CPU
		{2E6A6D68-3FD3-4995-9092-E7D6DE9D675F}.Release|Any CPU.ActiveCfg = Release|Any CPU
		{2E6A6D68-3FD3-4995-9092-E7D6DE9D675F}.Release|Any CPU.Build.0 = Release|Any CPU
	EndGlobalSection
	GlobalSection(SolutionProperties) = preSolution
		HideSolutionNode = FALSE
	EndGlobalSection
	GlobalSection(ExtensibilityGlobals) = postSolution
		SolutionGuid = {B7810838-D4AE-4107-B235-94C822C3D45B}
	EndGlobalSection
EndGlobal
